{
  "nodes": {
    "nixpkgs": {
      "locked": {
        "lastModified": 1736997649,
        "narHash": "sha256-NtGeo395lbUvf3/S2kWsoa5Wcq2q7HpLuB1EbyjB1wA=",
        "owner": "nixos",
        "repo": "nixpkgs",
        "rev": "fa4acf2cd577405bbfee72aaff47b5d744120ded",
        "type": "github"
      },
      "original": {
        "owner": "nixos",
        "ref": "master",
        "repo": "nixpkgs",
        "type": "github"
      }
    },
    "root": {
      "inputs": {
        "nixpkgs": "nixpkgs"
      }
    }
  },
  "root": "root",
  "version": 7
}
