{
  "nodes": {
    "nixpkgs": {
      "locked": {
        "lastModified": 1736731353,
        "narHash": "sha256-FFihJgBN2bA+Y77hXFFuXkkcnYd9KfSqS5K9sETMkRg=",
        "owner": "nixos",
        "repo": "nixpkgs",
        "rev": "50e93796c94e5cd889c595744101d25bf127972d",
        "type": "github"
      },
      "original": {
        "owner": "nixos",
        "ref": "master",
        "repo": "nixpkgs",
        "type": "github"
      }
    },
    "root": {
      "inputs": {
        "nixpkgs": "nixpkgs"
      }
    }
  },
  "root": "root",
  "version": 7
}
